
Microsoft Visual Studio Solution File, Format Version 12.00
# Visual Studio Version 17
VisualStudioVersion = 17.14.36408.4 d17.14
MinimumVisualStudioVersion = 10.0.40219.1
Project("{FAE04EC0-301F-11D3-BF4B-00C04F79EFBC}") = "Bai6", "Bai6.csproj", "{03CB4C56-B98D-48DC-87EC-39E750F6B0F4}"
EndProject
Global
	GlobalSection(SolutionConfigurationPlatforms) = preSolution
		Debug|Any CPU = Debug|Any CPU
		Release|Any CPU = Release|Any CPU
	EndGlobalSection
	GlobalSection(ProjectConfigurationPlatforms) = postSolution
		{03CB4C56-B98D-48DC-87EC-39E750F6B0F4}.Debug|Any CPU.ActiveCfg = Debug|Any CPU
		{03CB4C56-B98D-48DC-87EC-39E750F6B0F4}.Debug|Any CPU.Build.0 = Debug|Any CPU
		{03CB4C56-B98D-48DC-87EC-39E750F6B0F4}.Release|Any CPU.ActiveCfg = Release|Any CPU
		{03CB4C56-B98D-48DC-87EC-39E750F6B0F4}.Release|Any CPU.Build.0 = Release|Any CPU
	EndGlobalSection
	GlobalSection(SolutionProperties) = preSolution
		HideSolutionNode = FALSE
	EndGlobalSection
	GlobalSection(ExtensibilityGlobals) = postSolution
		SolutionGuid = {94ACFF52-0BEB-4075-9D9B-EB577DFA0283}
	EndGlobalSection
EndGlobal
