
Microsoft Visual Studio Solution File, Format Version 12.00
# Visual Studio Version 17
VisualStudioVersion = 17.14.36518.9 d17.14
MinimumVisualStudioVersion = 10.0.40219.1
Project("{FAE04EC0-301F-11D3-BF4B-00C04F79EFBC}") = "QLBanHang", "QLBanHang.csproj", "{89CE46B0-C534-4B10-B7C8-9A9ECE1467AF}"
EndProject
Global
	GlobalSection(SolutionConfigurationPlatforms) = preSolution
		Debug|Any CPU = Debug|Any CPU
		Release|Any CPU = Release|Any CPU
	EndGlobalSection
	GlobalSection(ProjectConfigurationPlatforms) = postSolution
		{89CE46B0-C534-4B10-B7C8-9A9ECE1467AF}.Debug|Any CPU.ActiveCfg = Debug|Any CPU
		{89CE46B0-C534-4B10-B7C8-9A9ECE1467AF}.Debug|Any CPU.Build.0 = Debug|Any CPU
		{89CE46B0-C534-4B10-B7C8-9A9ECE1467AF}.Release|Any CPU.ActiveCfg = Release|Any CPU
		{89CE46B0-C534-4B10-B7C8-9A9ECE1467AF}.Release|Any CPU.Build.0 = Release|Any CPU
	EndGlobalSection
	GlobalSection(SolutionProperties) = preSolution
		HideSolutionNode = FALSE
	EndGlobalSection
	GlobalSection(ExtensibilityGlobals) = postSolution
		SolutionGuid = {9A847033-1451-475A-9B4A-8599FE60AB7D}
	EndGlobalSection
EndGlobal
