
Microsoft Visual Studio Solution File, Format Version 12.00
# Visual Studio Version 17
VisualStudioVersion = 17.14.36408.4 d17.14
MinimumVisualStudioVersion = 10.0.40219.1
Project("{FAE04EC0-301F-11D3-BF4B-00C04F79EFBC}") = "Bai4", "Bai4.csproj", "{D1851F9A-7884-4403-A0B3-65DAC46B0775}"
EndProject
Global
	GlobalSection(SolutionConfigurationPlatforms) = preSolution
		Debug|Any CPU = Debug|Any CPU
		Release|Any CPU = Release|Any CPU
	EndGlobalSection
	GlobalSection(ProjectConfigurationPlatforms) = postSolution
		{D1851F9A-7884-4403-A0B3-65DAC46B0775}.Debug|Any CPU.ActiveCfg = Debug|Any CPU
		{D1851F9A-7884-4403-A0B3-65DAC46B0775}.Debug|Any CPU.Build.0 = Debug|Any CPU
		{D1851F9A-7884-4403-A0B3-65DAC46B0775}.Release|Any CPU.ActiveCfg = Release|Any CPU
		{D1851F9A-7884-4403-A0B3-65DAC46B0775}.Release|Any CPU.Build.0 = Release|Any CPU
	EndGlobalSection
	GlobalSection(SolutionProperties) = preSolution
		HideSolutionNode = FALSE
	EndGlobalSection
	GlobalSection(ExtensibilityGlobals) = postSolution
		SolutionGuid = {38622BB3-11D8-483A-8E2F-2C734B963826}
	EndGlobalSection
EndGlobal
